{
  "pins" : [
    {
      "identity" : "capacitor-swift-pm",
      "kind" : "remoteSourceControl",
      "location" : "https://github.com/ionic-team/capacitor-swift-pm.git",
      "state" : {
        "revision" : "bc99a4197e8a966c99912a644a9aa5710f7e3409",
        "version" : "7.0.1"
      }
    },
    {
      "identity" : "stream-video-swift",
      "kind" : "remoteSourceControl",
      "location" : "https://github.com/GetStream/stream-video-swift.git",
      "state" : {
        "revision" : "39b3c553beff5e24f04ae225b0185f33804e6cac",
        "version" : "1.20.0"
      }
    },
    {
      "identity" : "stream-video-swift-webrtc",
      "kind" : "remoteSourceControl",
      "location" : "https://github.com/GetStream/stream-video-swift-webrtc.git",
      "state" : {
        "revision" : "6b585049c12557cef9ce9785de76613568347659",
        "version" : "125.6422.66"
      }
    },
    {
      "identity" : "swift-protobuf",
      "kind" : "remoteSourceControl",
      "location" : "https://github.com/apple/swift-protobuf.git",
      "state" : {
        "revision" : "d72aed98f8253ec1aa9ea1141e28150f408cf17f",
        "version" : "1.29.0"
      }
    }
  ],
  "version" : 2
}
